
Microsoft Visual Studio Solution File, Format Version 12.00
# Visual Studio Version 17
VisualStudioVersion = 17.8.34112.27
MinimumVisualStudioVersion = 10.0.40219.1
Project("{2150E333-8FDC-42A3-9474-1A3956D46DE8}") = "src", "src", "{F4B9798F-5680-474B-9B23-E56EF858BD6E}"
EndProject
Project("{2150E333-8FDC-42A3-9474-1A3956D46DE8}") = "Solution Items", "Solution Items", "{50C32862-F751-4875-9E98-13FFFC14A020}"
	ProjectSection(SolutionItems) = preProject
		docker-compose.yaml = docker-compose.yaml
		Dockerfile = Dockerfile
		README.md = README.md
	EndProjectSection
EndProject
Project("{9A19103F-16F7-4668-BE54-9A1E7A4F7556}") = "UrlShortener", "src\UrlShortener\UrlShortener.csproj", "{5C4E3D8F-218A-428A-8568-71DD34A3A545}"
EndProject
Project("{2150E333-8FDC-42A3-9474-1A3956D46DE8}") = "test", "test", "{56BB2361-6C40-441C-AEA5-F13709C430F0}"
EndProject
Project("{9A19103F-16F7-4668-BE54-9A1E7A4F7556}") = "UrlShortener.Tests", "test\UrlShortener.Tests\UrlShortener.Tests.csproj", "{60FEC657-3F52-45D6-A934-6D0BAFBCF0CB}"
EndProject
Project("{9A19103F-16F7-4668-BE54-9A1E7A4F7556}") = "UrlShortener.Domain", "src\UrlShortener.Domain\UrlShortener.Domain.csproj", "{7C174308-D35C-427D-8F6A-90200F939EFB}"
EndProject
Project("{9A19103F-16F7-4668-BE54-9A1E7A4F7556}") = "UrlShortener.Persistence", "src\UrlShortener.Persistence\UrlShortener.Persistence.csproj", "{1E391BCA-1A3F-4445-A3BC-8B89914677AD}"
EndProject
Project("{54A90642-561A-4BB1-A94E-469ADEE60C69}") = "UrlShortener.Client", "src\UrlShortener.Client\UrlShortener.Client.esproj", "{FDABE2A1-F64C-46E1-8B60-DBD7D8F1FEF5}"
EndProject
Project("{FAE04EC0-301F-11D3-BF4B-00C04F79EFBC}") = "ServiceDefaults", "src\ServiceDefaults\ServiceDefaults.csproj", "{D591550F-439E-4BF5-9205-941C10093A9B}"
EndProject
Global
	GlobalSection(SolutionConfigurationPlatforms) = preSolution
		Debug|Any CPU = Debug|Any CPU
		Release|Any CPU = Release|Any CPU
	EndGlobalSection
	GlobalSection(ProjectConfigurationPlatforms) = postSolution
		{5C4E3D8F-218A-428A-8568-71DD34A3A545}.Debug|Any CPU.ActiveCfg = Debug|Any CPU
		{5C4E3D8F-218A-428A-8568-71DD34A3A545}.Debug|Any CPU.Build.0 = Debug|Any CPU
		{5C4E3D8F-218A-428A-8568-71DD34A3A545}.Debug|Any CPU.Deploy.0 = Debug|Any CPU
		{5C4E3D8F-218A-428A-8568-71DD34A3A545}.Release|Any CPU.ActiveCfg = Release|Any CPU
		{5C4E3D8F-218A-428A-8568-71DD34A3A545}.Release|Any CPU.Build.0 = Release|Any CPU
		{60FEC657-3F52-45D6-A934-6D0BAFBCF0CB}.Debug|Any CPU.ActiveCfg = Debug|Any CPU
		{60FEC657-3F52-45D6-A934-6D0BAFBCF0CB}.Debug|Any CPU.Build.0 = Debug|Any CPU
		{60FEC657-3F52-45D6-A934-6D0BAFBCF0CB}.Release|Any CPU.ActiveCfg = Release|Any CPU
		{60FEC657-3F52-45D6-A934-6D0BAFBCF0CB}.Release|Any CPU.Build.0 = Release|Any CPU
		{7C174308-D35C-427D-8F6A-90200F939EFB}.Debug|Any CPU.ActiveCfg = Debug|Any CPU
		{7C174308-D35C-427D-8F6A-90200F939EFB}.Debug|Any CPU.Build.0 = Debug|Any CPU
		{7C174308-D35C-427D-8F6A-90200F939EFB}.Release|Any CPU.ActiveCfg = Release|Any CPU
		{7C174308-D35C-427D-8F6A-90200F939EFB}.Release|Any CPU.Build.0 = Release|Any CPU
		{1E391BCA-1A3F-4445-A3BC-8B89914677AD}.Debug|Any CPU.ActiveCfg = Debug|Any CPU
		{1E391BCA-1A3F-4445-A3BC-8B89914677AD}.Debug|Any CPU.Build.0 = Debug|Any CPU
		{1E391BCA-1A3F-4445-A3BC-8B89914677AD}.Release|Any CPU.ActiveCfg = Release|Any CPU
		{1E391BCA-1A3F-4445-A3BC-8B89914677AD}.Release|Any CPU.Build.0 = Release|Any CPU
		{FDABE2A1-F64C-46E1-8B60-DBD7D8F1FEF5}.Debug|Any CPU.ActiveCfg = Debug|Any CPU
		{FDABE2A1-F64C-46E1-8B60-DBD7D8F1FEF5}.Debug|Any CPU.Build.0 = Debug|Any CPU
		{FDABE2A1-F64C-46E1-8B60-DBD7D8F1FEF5}.Release|Any CPU.ActiveCfg = Release|Any CPU
		{FDABE2A1-F64C-46E1-8B60-DBD7D8F1FEF5}.Release|Any CPU.Build.0 = Release|Any CPU
		{FDABE2A1-F64C-46E1-8B60-DBD7D8F1FEF5}.Release|Any CPU.Deploy.0 = Release|Any CPU
		{D591550F-439E-4BF5-9205-941C10093A9B}.Debug|Any CPU.ActiveCfg = Debug|Any CPU
		{D591550F-439E-4BF5-9205-941C10093A9B}.Debug|Any CPU.Build.0 = Debug|Any CPU
		{D591550F-439E-4BF5-9205-941C10093A9B}.Release|Any CPU.ActiveCfg = Release|Any CPU
		{D591550F-439E-4BF5-9205-941C10093A9B}.Release|Any CPU.Build.0 = Release|Any CPU
	EndGlobalSection
	GlobalSection(SolutionProperties) = preSolution
		HideSolutionNode = FALSE
	EndGlobalSection
	GlobalSection(NestedProjects) = preSolution
		{5C4E3D8F-218A-428A-8568-71DD34A3A545} = {F4B9798F-5680-474B-9B23-E56EF858BD6E}
		{60FEC657-3F52-45D6-A934-6D0BAFBCF0CB} = {56BB2361-6C40-441C-AEA5-F13709C430F0}
		{7C174308-D35C-427D-8F6A-90200F939EFB} = {F4B9798F-5680-474B-9B23-E56EF858BD6E}
		{1E391BCA-1A3F-4445-A3BC-8B89914677AD} = {F4B9798F-5680-474B-9B23-E56EF858BD6E}
		{FDABE2A1-F64C-46E1-8B60-DBD7D8F1FEF5} = {F4B9798F-5680-474B-9B23-E56EF858BD6E}
		{D591550F-439E-4BF5-9205-941C10093A9B} = {F4B9798F-5680-474B-9B23-E56EF858BD6E}
	EndGlobalSection
	GlobalSection(ExtensibilityGlobals) = postSolution
		SolutionGuid = {5D31EFF8-06F5-4EC1-8BDF-61F18C409C8D}
	EndGlobalSection
EndGlobal
